
Microsoft Visual Studio Solution File, Format Version 12.00
# Visual Studio Version 16
VisualStudioVersion = 16.0.30104.148
MinimumVisualStudioVersion = 10.0.40219.1
Project("{9A19103F-16F7-4668-BE54-9A1E7A4F7556}") = "Context1", "Context1\Context1.csproj", "{C06AB712-0470-4491-9946-13FFDB4F66A8}"
EndProject
Project("{9A19103F-16F7-4668-BE54-9A1E7A4F7556}") = "Context2", "Context2\Context2.csproj", "{3B6E2170-9BE3-4D11-91C6-2B47D471B1F5}"
EndProject
Project("{FAE04EC0-301F-11D3-BF4B-00C04F79EFBC}") = "SharedEvents", "SharedEvents\SharedEvents.csproj", "{A26B7633-EAC4-4453-928B-6F011C98A415}"
EndProject
Project("{9A19103F-16F7-4668-BE54-9A1E7A4F7556}") = "Messaging.Rabbit", "..\Messaging\Rabbit\Messaging.Rabbit\Messaging.Rabbit.csproj", "{5B61DA83-4EF9-4C2A-A22C-358406DCE954}"
EndProject
Global
	GlobalSection(SolutionConfigurationPlatforms) = preSolution
		Debug|Any CPU = Debug|Any CPU
		Release|Any CPU = Release|Any CPU
	EndGlobalSection
	GlobalSection(ProjectConfigurationPlatforms) = postSolution
		{C06AB712-0470-4491-9946-13FFDB4F66A8}.Debug|Any CPU.ActiveCfg = Debug|Any CPU
		{C06AB712-0470-4491-9946-13FFDB4F66A8}.Debug|Any CPU.Build.0 = Debug|Any CPU
		{C06AB712-0470-4491-9946-13FFDB4F66A8}.Release|Any CPU.ActiveCfg = Release|Any CPU
		{C06AB712-0470-4491-9946-13FFDB4F66A8}.Release|Any CPU.Build.0 = Release|Any CPU
		{3B6E2170-9BE3-4D11-91C6-2B47D471B1F5}.Debug|Any CPU.ActiveCfg = Debug|Any CPU
		{3B6E2170-9BE3-4D11-91C6-2B47D471B1F5}.Debug|Any CPU.Build.0 = Debug|Any CPU
		{3B6E2170-9BE3-4D11-91C6-2B47D471B1F5}.Release|Any CPU.ActiveCfg = Release|Any CPU
		{3B6E2170-9BE3-4D11-91C6-2B47D471B1F5}.Release|Any CPU.Build.0 = Release|Any CPU
		{A26B7633-EAC4-4453-928B-6F011C98A415}.Debug|Any CPU.ActiveCfg = Debug|Any CPU
		{A26B7633-EAC4-4453-928B-6F011C98A415}.Debug|Any CPU.Build.0 = Debug|Any CPU
		{A26B7633-EAC4-4453-928B-6F011C98A415}.Release|Any CPU.ActiveCfg = Release|Any CPU
		{A26B7633-EAC4-4453-928B-6F011C98A415}.Release|Any CPU.Build.0 = Release|Any CPU
		{5B61DA83-4EF9-4C2A-A22C-358406DCE954}.Debug|Any CPU.ActiveCfg = Debug|Any CPU
		{5B61DA83-4EF9-4C2A-A22C-358406DCE954}.Debug|Any CPU.Build.0 = Debug|Any CPU
		{5B61DA83-4EF9-4C2A-A22C-358406DCE954}.Release|Any CPU.ActiveCfg = Release|Any CPU
		{5B61DA83-4EF9-4C2A-A22C-358406DCE954}.Release|Any CPU.Build.0 = Release|Any CPU
	EndGlobalSection
	GlobalSection(SolutionProperties) = preSolution
		HideSolutionNode = FALSE
	EndGlobalSection
	GlobalSection(ExtensibilityGlobals) = postSolution
		SolutionGuid = {93E4AA96-BDD1-4EA0-A959-18433D81D7A6}
	EndGlobalSection
EndGlobal
